
Microsoft Visual Studio Solution File, Format Version 12.00
# Visual Studio 15
VisualStudioVersion = 15.0.27130.2036
MinimumVisualStudioVersion = 10.0.40219.1
Project("{9A19103F-16F7-4668-BE54-9A1E7A4F7556}") = "TourneyKeeper.App", "TourneyKeeper.App\TourneyKeeper.App.csproj", "{1D185E9A-281C-433C-9D9C-73EA223F4FDB}"
EndProject
Project("{9A19103F-16F7-4668-BE54-9A1E7A4F7556}") = "TourneyKeeper.DTO", "TourneyKeeper.DTO\TourneyKeeper.DTO.csproj", "{CD0D4F1F-96F7-4F9E-A85B-B58DBB58612D}"
EndProject
Project("{FAE04EC0-301F-11D3-BF4B-00C04F79EFBC}") = "TourneyKeeper.Android", "TourneyKeeper.Android\TourneyKeeper.Android.csproj", "{B2ADF769-4DAD-4DF9-8045-989ECE80F9A5}"
EndProject
Project("{FAE04EC0-301F-11D3-BF4B-00C04F79EFBC}") = "TourneyKeeper.Common", "TourneyKeeper.Common\TourneyKeeper.Common.csproj", "{E80107F1-03A5-4E04-BED1-FC4E42DE054C}"
EndProject
Project("{FAE04EC0-301F-11D3-BF4B-00C04F79EFBC}") = "TourneyKeeper.iOS", "TourneyKeeper.iOS\TourneyKeeper.iOS.csproj", "{424F5F63-E143-423B-8D7F-718315FC3054}"
EndProject
Project("{FAE04EC0-301F-11D3-BF4B-00C04F79EFBC}") = "TourneyKeeper.Test", "TourneyKeeper.Test\TourneyKeeper.Test.csproj", "{6E9A8E2C-BA9C-427E-BAFD-A5C9A096F8F2}"
EndProject
Project("{FAE04EC0-301F-11D3-BF4B-00C04F79EFBC}") = "TourneyKeeper.Web", "TourneyKeeper.Web\TourneyKeeper.Web.csproj", "{2D91C0DA-8A8C-4FD8-A0FD-FCF7FAC76DE2}"
EndProject
Global
	GlobalSection(SolutionConfigurationPlatforms) = preSolution
		Ad-Hoc|Any CPU = Ad-Hoc|Any CPU
		Ad-Hoc|iPhone = Ad-Hoc|iPhone
		Ad-Hoc|iPhoneSimulator = Ad-Hoc|iPhoneSimulator
		AppStore|Any CPU = AppStore|Any CPU
		AppStore|iPhone = AppStore|iPhone
		AppStore|iPhoneSimulator = AppStore|iPhoneSimulator
		Debug|Any CPU = Debug|Any CPU
		Debug|iPhone = Debug|iPhone
		Debug|iPhoneSimulator = Debug|iPhoneSimulator
		Development|Any CPU = Development|Any CPU
		Development|iPhone = Development|iPhone
		Development|iPhoneSimulator = Development|iPhoneSimulator
		Release|Any CPU = Release|Any CPU
		Release|iPhone = Release|iPhone
		Release|iPhoneSimulator = Release|iPhoneSimulator
	EndGlobalSection
	GlobalSection(ProjectConfigurationPlatforms) = postSolution
		{1D185E9A-281C-433C-9D9C-73EA223F4FDB}.Ad-Hoc|Any CPU.ActiveCfg = Debug|Any CPU
		{1D185E9A-281C-433C-9D9C-73EA223F4FDB}.Ad-Hoc|Any CPU.Build.0 = Debug|Any CPU
		{1D185E9A-281C-433C-9D9C-73EA223F4FDB}.Ad-Hoc|iPhone.ActiveCfg = Debug|Any CPU
		{1D185E9A-281C-433C-9D9C-73EA223F4FDB}.Ad-Hoc|iPhone.Build.0 = Debug|Any CPU
		{1D185E9A-281C-433C-9D9C-73EA223F4FDB}.Ad-Hoc|iPhoneSimulator.ActiveCfg = Debug|Any CPU
		{1D185E9A-281C-433C-9D9C-73EA223F4FDB}.Ad-Hoc|iPhoneSimulator.Build.0 = Debug|Any CPU
		{1D185E9A-281C-433C-9D9C-73EA223F4FDB}.AppStore|Any CPU.ActiveCfg = Debug|Any CPU
		{1D185E9A-281C-433C-9D9C-73EA223F4FDB}.AppStore|Any CPU.Build.0 = Debug|Any CPU
		{1D185E9A-281C-433C-9D9C-73EA223F4FDB}.AppStore|iPhone.ActiveCfg = Debug|Any CPU
		{1D185E9A-281C-433C-9D9C-73EA223F4FDB}.AppStore|iPhone.Build.0 = Debug|Any CPU
		{1D185E9A-281C-433C-9D9C-73EA223F4FDB}.AppStore|iPhoneSimulator.ActiveCfg = Debug|Any CPU
		{1D185E9A-281C-433C-9D9C-73EA223F4FDB}.AppStore|iPhoneSimulator.Build.0 = Debug|Any CPU
		{1D185E9A-281C-433C-9D9C-73EA223F4FDB}.Debug|Any CPU.ActiveCfg = Debug|Any CPU
		{1D185E9A-281C-433C-9D9C-73EA223F4FDB}.Debug|Any CPU.Build.0 = Debug|Any CPU
		{1D185E9A-281C-433C-9D9C-73EA223F4FDB}.Debug|iPhone.ActiveCfg = Debug|Any CPU
		{1D185E9A-281C-433C-9D9C-73EA223F4FDB}.Debug|iPhone.Build.0 = Debug|Any CPU
		{1D185E9A-281C-433C-9D9C-73EA223F4FDB}.Debug|iPhoneSimulator.ActiveCfg = Debug|Any CPU
		{1D185E9A-281C-433C-9D9C-73EA223F4FDB}.Debug|iPhoneSimulator.Build.0 = Debug|Any CPU
		{1D185E9A-281C-433C-9D9C-73EA223F4FDB}.Development|Any CPU.ActiveCfg = Debug|Any CPU
		{1D185E9A-281C-433C-9D9C-73EA223F4FDB}.Development|Any CPU.Build.0 = Debug|Any CPU
		{1D185E9A-281C-433C-9D9C-73EA223F4FDB}.Development|iPhone.ActiveCfg = Debug|Any CPU
		{1D185E9A-281C-433C-9D9C-73EA223F4FDB}.Development|iPhone.Build.0 = Debug|Any CPU
		{1D185E9A-281C-433C-9D9C-73EA223F4FDB}.Development|iPhoneSimulator.ActiveCfg = Debug|Any CPU
		{1D185E9A-281C-433C-9D9C-73EA223F4FDB}.Development|iPhoneSimulator.Build.0 = Debug|Any CPU
		{1D185E9A-281C-433C-9D9C-73EA223F4FDB}.Release|Any CPU.ActiveCfg = Release|Any CPU
		{1D185E9A-281C-433C-9D9C-73EA223F4FDB}.Release|Any CPU.Build.0 = Release|Any CPU
		{1D185E9A-281C-433C-9D9C-73EA223F4FDB}.Release|iPhone.ActiveCfg = Release|Any CPU
		{1D185E9A-281C-433C-9D9C-73EA223F4FDB}.Release|iPhone.Build.0 = Release|Any CPU
		{1D185E9A-281C-433C-9D9C-73EA223F4FDB}.Release|iPhoneSimulator.ActiveCfg = Release|Any CPU
		{1D185E9A-281C-433C-9D9C-73EA223F4FDB}.Release|iPhoneSimulator.Build.0 = Release|Any CPU
		{CD0D4F1F-96F7-4F9E-A85B-B58DBB58612D}.Ad-Hoc|Any CPU.ActiveCfg = Debug|Any CPU
		{CD0D4F1F-96F7-4F9E-A85B-B58DBB58612D}.Ad-Hoc|Any CPU.Build.0 = Debug|Any CPU
		{CD0D4F1F-96F7-4F9E-A85B-B58DBB58612D}.Ad-Hoc|iPhone.ActiveCfg = Debug|Any CPU
		{CD0D4F1F-96F7-4F9E-A85B-B58DBB58612D}.Ad-Hoc|iPhone.Build.0 = Debug|Any CPU
		{CD0D4F1F-96F7-4F9E-A85B-B58DBB58612D}.Ad-Hoc|iPhoneSimulator.ActiveCfg = Debug|Any CPU
		{CD0D4F1F-96F7-4F9E-A85B-B58DBB58612D}.Ad-Hoc|iPhoneSimulator.Build.0 = Debug|Any CPU
		{CD0D4F1F-96F7-4F9E-A85B-B58DBB58612D}.AppStore|Any CPU.ActiveCfg = Debug|Any CPU
		{CD0D4F1F-96F7-4F9E-A85B-B58DBB58612D}.AppStore|Any CPU.Build.0 = Debug|Any CPU
		{CD0D4F1F-96F7-4F9E-A85B-B58DBB58612D}.AppStore|iPhone.ActiveCfg = Debug|Any CPU
		{CD0D4F1F-96F7-4F9E-A85B-B58DBB58612D}.AppStore|iPhone.Build.0 = Debug|Any CPU
		{CD0D4F1F-96F7-4F9E-A85B-B58DBB58612D}.AppStore|iPhoneSimulator.ActiveCfg = Debug|Any CPU
		{CD0D4F1F-96F7-4F9E-A85B-B58DBB58612D}.AppStore|iPhoneSimulator.Build.0 = Debug|Any CPU
		{CD0D4F1F-96F7-4F9E-A85B-B58DBB58612D}.Debug|Any CPU.ActiveCfg = Debug|Any CPU
		{CD0D4F1F-96F7-4F9E-A85B-B58DBB58612D}.Debug|Any CPU.Build.0 = Debug|Any CPU
		{CD0D4F1F-96F7-4F9E-A85B-B58DBB58612D}.Debug|iPhone.ActiveCfg = Debug|Any CPU
		{CD0D4F1F-96F7-4F9E-A85B-B58DBB58612D}.Debug|iPhone.Build.0 = Debug|Any CPU
		{CD0D4F1F-96F7-4F9E-A85B-B58DBB58612D}.Debug|iPhoneSimulator.ActiveCfg = Debug|Any CPU
		{CD0D4F1F-96F7-4F9E-A85B-B58DBB58612D}.Debug|iPhoneSimulator.Build.0 = Debug|Any CPU
		{CD0D4F1F-96F7-4F9E-A85B-B58DBB58612D}.Development|Any CPU.ActiveCfg = Debug|Any CPU
		{CD0D4F1F-96F7-4F9E-A85B-B58DBB58612D}.Development|Any CPU.Build.0 = Debug|Any CPU
		{CD0D4F1F-96F7-4F9E-A85B-B58DBB58612D}.Development|iPhone.ActiveCfg = Debug|Any CPU
		{CD0D4F1F-96F7-4F9E-A85B-B58DBB58612D}.Development|iPhone.Build.0 = Debug|Any CPU
		{CD0D4F1F-96F7-4F9E-A85B-B58DBB58612D}.Development|iPhoneSimulator.ActiveCfg = Debug|Any CPU
		{CD0D4F1F-96F7-4F9E-A85B-B58DBB58612D}.Development|iPhoneSimulator.Build.0 = Debug|Any CPU
		{CD0D4F1F-96F7-4F9E-A85B-B58DBB58612D}.Release|Any CPU.ActiveCfg = Release|Any CPU
		{CD0D4F1F-96F7-4F9E-A85B-B58DBB58612D}.Release|Any CPU.Build.0 = Release|Any CPU
		{CD0D4F1F-96F7-4F9E-A85B-B58DBB58612D}.Release|iPhone.ActiveCfg = Release|Any CPU
		{CD0D4F1F-96F7-4F9E-A85B-B58DBB58612D}.Release|iPhone.Build.0 = Release|Any CPU
		{CD0D4F1F-96F7-4F9E-A85B-B58DBB58612D}.Release|iPhoneSimulator.ActiveCfg = Release|Any CPU
		{CD0D4F1F-96F7-4F9E-A85B-B58DBB58612D}.Release|iPhoneSimulator.Build.0 = Release|Any CPU
		{B2ADF769-4DAD-4DF9-8045-989ECE80F9A5}.Ad-Hoc|Any CPU.ActiveCfg = Release|Any CPU
		{B2ADF769-4DAD-4DF9-8045-989ECE80F9A5}.Ad-Hoc|Any CPU.Build.0 = Release|Any CPU
		{B2ADF769-4DAD-4DF9-8045-989ECE80F9A5}.Ad-Hoc|Any CPU.Deploy.0 = Release|Any CPU
		{B2ADF769-4DAD-4DF9-8045-989ECE80F9A5}.Ad-Hoc|iPhone.ActiveCfg = Release|Any CPU
		{B2ADF769-4DAD-4DF9-8045-989ECE80F9A5}.Ad-Hoc|iPhone.Build.0 = Release|Any CPU
		{B2ADF769-4DAD-4DF9-8045-989ECE80F9A5}.Ad-Hoc|iPhone.Deploy.0 = Release|Any CPU
		{B2ADF769-4DAD-4DF9-8045-989ECE80F9A5}.Ad-Hoc|iPhoneSimulator.ActiveCfg = Release|Any CPU
		{B2ADF769-4DAD-4DF9-8045-989ECE80F9A5}.Ad-Hoc|iPhoneSimulator.Build.0 = Release|Any CPU
		{B2ADF769-4DAD-4DF9-8045-989ECE80F9A5}.Ad-Hoc|iPhoneSimulator.Deploy.0 = Release|Any CPU
		{B2ADF769-4DAD-4DF9-8045-989ECE80F9A5}.AppStore|Any CPU.ActiveCfg = Release|Any CPU
		{B2ADF769-4DAD-4DF9-8045-989ECE80F9A5}.AppStore|Any CPU.Build.0 = Release|Any CPU
		{B2ADF769-4DAD-4DF9-8045-989ECE80F9A5}.AppStore|Any CPU.Deploy.0 = Release|Any CPU
		{B2ADF769-4DAD-4DF9-8045-989ECE80F9A5}.AppStore|iPhone.ActiveCfg = Release|Any CPU
		{B2ADF769-4DAD-4DF9-8045-989ECE80F9A5}.AppStore|iPhone.Build.0 = Release|Any CPU
		{B2ADF769-4DAD-4DF9-8045-989ECE80F9A5}.AppStore|iPhone.Deploy.0 = Release|Any CPU
		{B2ADF769-4DAD-4DF9-8045-989ECE80F9A5}.AppStore|iPhoneSimulator.ActiveCfg = Release|Any CPU
		{B2ADF769-4DAD-4DF9-8045-989ECE80F9A5}.AppStore|iPhoneSimulator.Build.0 = Release|Any CPU
		{B2ADF769-4DAD-4DF9-8045-989ECE80F9A5}.AppStore|iPhoneSimulator.Deploy.0 = Release|Any CPU
		{B2ADF769-4DAD-4DF9-8045-989ECE80F9A5}.Debug|Any CPU.ActiveCfg = Debug|Any CPU
		{B2ADF769-4DAD-4DF9-8045-989ECE80F9A5}.Debug|Any CPU.Build.0 = Debug|Any CPU
		{B2ADF769-4DAD-4DF9-8045-989ECE80F9A5}.Debug|Any CPU.Deploy.0 = Debug|Any CPU
		{B2ADF769-4DAD-4DF9-8045-989ECE80F9A5}.Debug|iPhone.ActiveCfg = Debug|Any CPU
		{B2ADF769-4DAD-4DF9-8045-989ECE80F9A5}.Debug|iPhone.Build.0 = Debug|Any CPU
		{B2ADF769-4DAD-4DF9-8045-989ECE80F9A5}.Debug|iPhone.Deploy.0 = Debug|Any CPU
		{B2ADF769-4DAD-4DF9-8045-989ECE80F9A5}.Debug|iPhoneSimulator.ActiveCfg = Debug|Any CPU
		{B2ADF769-4DAD-4DF9-8045-989ECE80F9A5}.Debug|iPhoneSimulator.Build.0 = Debug|Any CPU
		{B2ADF769-4DAD-4DF9-8045-989ECE80F9A5}.Debug|iPhoneSimulator.Deploy.0 = Debug|Any CPU
		{B2ADF769-4DAD-4DF9-8045-989ECE80F9A5}.Development|Any CPU.ActiveCfg = Debug|Any CPU
		{B2ADF769-4DAD-4DF9-8045-989ECE80F9A5}.Development|Any CPU.Build.0 = Debug|Any CPU
		{B2ADF769-4DAD-4DF9-8045-989ECE80F9A5}.Development|Any CPU.Deploy.0 = Debug|Any CPU
		{B2ADF769-4DAD-4DF9-8045-989ECE80F9A5}.Development|iPhone.ActiveCfg = Debug|Any CPU
		{B2ADF769-4DAD-4DF9-8045-989ECE80F9A5}.Development|iPhone.Build.0 = Debug|Any CPU
		{B2ADF769-4DAD-4DF9-8045-989ECE80F9A5}.Development|iPhone.Deploy.0 = Debug|Any CPU
		{B2ADF769-4DAD-4DF9-8045-989ECE80F9A5}.Development|iPhoneSimulator.ActiveCfg = Debug|Any CPU
		{B2ADF769-4DAD-4DF9-8045-989ECE80F9A5}.Development|iPhoneSimulator.Build.0 = Debug|Any CPU
		{B2ADF769-4DAD-4DF9-8045-989ECE80F9A5}.Development|iPhoneSimulator.Deploy.0 = Debug|Any CPU
		{B2ADF769-4DAD-4DF9-8045-989ECE80F9A5}.Release|Any CPU.ActiveCfg = Release|Any CPU
		{B2ADF769-4DAD-4DF9-8045-989ECE80F9A5}.Release|Any CPU.Build.0 = Release|Any CPU
		{B2ADF769-4DAD-4DF9-8045-989ECE80F9A5}.Release|Any CPU.Deploy.0 = Release|Any CPU
		{B2ADF769-4DAD-4DF9-8045-989ECE80F9A5}.Release|iPhone.ActiveCfg = Release|Any CPU
		{B2ADF769-4DAD-4DF9-8045-989ECE80F9A5}.Release|iPhone.Build.0 = Release|Any CPU
		{B2ADF769-4DAD-4DF9-8045-989ECE80F9A5}.Release|iPhone.Deploy.0 = Release|Any CPU
		{B2ADF769-4DAD-4DF9-8045-989ECE80F9A5}.Release|iPhoneSimulator.ActiveCfg = Release|Any CPU
		{B2ADF769-4DAD-4DF9-8045-989ECE80F9A5}.Release|iPhoneSimulator.Build.0 = Release|Any CPU
		{B2ADF769-4DAD-4DF9-8045-989ECE80F9A5}.Release|iPhoneSimulator.Deploy.0 = Release|Any CPU
		{E80107F1-03A5-4E04-BED1-FC4E42DE054C}.Ad-Hoc|Any CPU.ActiveCfg = Release|Any CPU
		{E80107F1-03A5-4E04-BED1-FC4E42DE054C}.Ad-Hoc|Any CPU.Build.0 = Release|Any CPU
		{E80107F1-03A5-4E04-BED1-FC4E42DE054C}.Ad-Hoc|iPhone.ActiveCfg = Release|Any CPU
		{E80107F1-03A5-4E04-BED1-FC4E42DE054C}.Ad-Hoc|iPhone.Build.0 = Release|Any CPU
		{E80107F1-03A5-4E04-BED1-FC4E42DE054C}.Ad-Hoc|iPhoneSimulator.ActiveCfg = Release|Any CPU
		{E80107F1-03A5-4E04-BED1-FC4E42DE054C}.Ad-Hoc|iPhoneSimulator.Build.0 = Release|Any CPU
		{E80107F1-03A5-4E04-BED1-FC4E42DE054C}.AppStore|Any CPU.ActiveCfg = Release|Any CPU
		{E80107F1-03A5-4E04-BED1-FC4E42DE054C}.AppStore|Any CPU.Build.0 = Release|Any CPU
		{E80107F1-03A5-4E04-BED1-FC4E42DE054C}.AppStore|iPhone.ActiveCfg = Release|Any CPU
		{E80107F1-03A5-4E04-BED1-FC4E42DE054C}.AppStore|iPhone.Build.0 = Release|Any CPU
		{E80107F1-03A5-4E04-BED1-FC4E42DE054C}.AppStore|iPhoneSimulator.ActiveCfg = Release|Any CPU
		{E80107F1-03A5-4E04-BED1-FC4E42DE054C}.AppStore|iPhoneSimulator.Build.0 = Release|Any CPU
		{E80107F1-03A5-4E04-BED1-FC4E42DE054C}.Debug|Any CPU.ActiveCfg = Debug|Any CPU
		{E80107F1-03A5-4E04-BED1-FC4E42DE054C}.Debug|Any CPU.Build.0 = Debug|Any CPU
		{E80107F1-03A5-4E04-BED1-FC4E42DE054C}.Debug|iPhone.ActiveCfg = Debug|Any CPU
		{E80107F1-03A5-4E04-BED1-FC4E42DE054C}.Debug|iPhone.Build.0 = Debug|Any CPU
		{E80107F1-03A5-4E04-BED1-FC4E42DE054C}.Debug|iPhoneSimulator.ActiveCfg = Debug|Any CPU
		{E80107F1-03A5-4E04-BED1-FC4E42DE054C}.Debug|iPhoneSimulator.Build.0 = Debug|Any CPU
		{E80107F1-03A5-4E04-BED1-FC4E42DE054C}.Development|Any CPU.ActiveCfg = Debug|Any CPU
		{E80107F1-03A5-4E04-BED1-FC4E42DE054C}.Development|Any CPU.Build.0 = Debug|Any CPU
		{E80107F1-03A5-4E04-BED1-FC4E42DE054C}.Development|iPhone.ActiveCfg = Debug|Any CPU
		{E80107F1-03A5-4E04-BED1-FC4E42DE054C}.Development|iPhone.Build.0 = Debug|Any CPU
		{E80107F1-03A5-4E04-BED1-FC4E42DE054C}.Development|iPhoneSimulator.ActiveCfg = Debug|Any CPU
		{E80107F1-03A5-4E04-BED1-FC4E42DE054C}.Development|iPhoneSimulator.Build.0 = Debug|Any CPU
		{E80107F1-03A5-4E04-BED1-FC4E42DE054C}.Release|Any CPU.ActiveCfg = Release|Any CPU
		{E80107F1-03A5-4E04-BED1-FC4E42DE054C}.Release|Any CPU.Build.0 = Release|Any CPU
		{E80107F1-03A5-4E04-BED1-FC4E42DE054C}.Release|iPhone.ActiveCfg = Release|Any CPU
		{E80107F1-03A5-4E04-BED1-FC4E42DE054C}.Release|iPhone.Build.0 = Release|Any CPU
		{E80107F1-03A5-4E04-BED1-FC4E42DE054C}.Release|iPhoneSimulator.ActiveCfg = Release|Any CPU
		{E80107F1-03A5-4E04-BED1-FC4E42DE054C}.Release|iPhoneSimulator.Build.0 = Release|Any CPU
		{424F5F63-E143-423B-8D7F-718315FC3054}.Ad-Hoc|Any CPU.ActiveCfg = Ad-Hoc|iPhone
		{424F5F63-E143-423B-8D7F-718315FC3054}.Ad-Hoc|iPhone.ActiveCfg = Ad-Hoc|iPhone
		{424F5F63-E143-423B-8D7F-718315FC3054}.Ad-Hoc|iPhone.Build.0 = Ad-Hoc|iPhone
		{424F5F63-E143-423B-8D7F-718315FC3054}.Ad-Hoc|iPhoneSimulator.ActiveCfg = Ad-Hoc|iPhoneSimulator
		{424F5F63-E143-423B-8D7F-718315FC3054}.Ad-Hoc|iPhoneSimulator.Build.0 = Ad-Hoc|iPhoneSimulator
		{424F5F63-E143-423B-8D7F-718315FC3054}.AppStore|Any CPU.ActiveCfg = AppStore|iPhone
		{424F5F63-E143-423B-8D7F-718315FC3054}.AppStore|iPhone.ActiveCfg = AppStore|iPhone
		{424F5F63-E143-423B-8D7F-718315FC3054}.AppStore|iPhone.Build.0 = AppStore|iPhone
		{424F5F63-E143-423B-8D7F-718315FC3054}.AppStore|iPhoneSimulator.ActiveCfg = AppStore|iPhoneSimulator
		{424F5F63-E143-423B-8D7F-718315FC3054}.AppStore|iPhoneSimulator.Build.0 = AppStore|iPhoneSimulator
		{424F5F63-E143-423B-8D7F-718315FC3054}.Debug|Any CPU.ActiveCfg = Debug|iPhone
		{424F5F63-E143-423B-8D7F-718315FC3054}.Debug|iPhone.ActiveCfg = Debug|iPhone
		{424F5F63-E143-423B-8D7F-718315FC3054}.Debug|iPhone.Build.0 = Debug|iPhone
		{424F5F63-E143-423B-8D7F-718315FC3054}.Debug|iPhoneSimulator.ActiveCfg = Debug|iPhoneSimulator
		{424F5F63-E143-423B-8D7F-718315FC3054}.Debug|iPhoneSimulator.Build.0 = Debug|iPhoneSimulator
		{424F5F63-E143-423B-8D7F-718315FC3054}.Development|Any CPU.ActiveCfg = AppStore|iPhone
		{424F5F63-E143-423B-8D7F-718315FC3054}.Development|Any CPU.Build.0 = AppStore|iPhone
		{424F5F63-E143-423B-8D7F-718315FC3054}.Development|iPhone.ActiveCfg = Debug|iPhone
		{424F5F63-E143-423B-8D7F-718315FC3054}.Development|iPhone.Build.0 = Debug|iPhone
		{424F5F63-E143-423B-8D7F-718315FC3054}.Development|iPhoneSimulator.ActiveCfg = Debug|iPhoneSimulator
		{424F5F63-E143-423B-8D7F-718315FC3054}.Development|iPhoneSimulator.Build.0 = Debug|iPhoneSimulator
		{424F5F63-E143-423B-8D7F-718315FC3054}.Release|Any CPU.ActiveCfg = Release|iPhone
		{424F5F63-E143-423B-8D7F-718315FC3054}.Release|iPhone.ActiveCfg = Release|iPhone
		{424F5F63-E143-423B-8D7F-718315FC3054}.Release|iPhone.Build.0 = Release|iPhone
		{424F5F63-E143-423B-8D7F-718315FC3054}.Release|iPhoneSimulator.ActiveCfg = Release|iPhoneSimulator
		{424F5F63-E143-423B-8D7F-718315FC3054}.Release|iPhoneSimulator.Build.0 = Release|iPhoneSimulator
		{6E9A8E2C-BA9C-427E-BAFD-A5C9A096F8F2}.Ad-Hoc|Any CPU.ActiveCfg = Release|Any CPU
		{6E9A8E2C-BA9C-427E-BAFD-A5C9A096F8F2}.Ad-Hoc|Any CPU.Build.0 = Release|Any CPU
		{6E9A8E2C-BA9C-427E-BAFD-A5C9A096F8F2}.Ad-Hoc|iPhone.ActiveCfg = Release|Any CPU
		{6E9A8E2C-BA9C-427E-BAFD-A5C9A096F8F2}.Ad-Hoc|iPhone.Build.0 = Release|Any CPU
		{6E9A8E2C-BA9C-427E-BAFD-A5C9A096F8F2}.Ad-Hoc|iPhoneSimulator.ActiveCfg = Release|Any CPU
		{6E9A8E2C-BA9C-427E-BAFD-A5C9A096F8F2}.Ad-Hoc|iPhoneSimulator.Build.0 = Release|Any CPU
		{6E9A8E2C-BA9C-427E-BAFD-A5C9A096F8F2}.AppStore|Any CPU.ActiveCfg = Release|Any CPU
		{6E9A8E2C-BA9C-427E-BAFD-A5C9A096F8F2}.AppStore|Any CPU.Build.0 = Release|Any CPU
		{6E9A8E2C-BA9C-427E-BAFD-A5C9A096F8F2}.AppStore|iPhone.ActiveCfg = Release|Any CPU
		{6E9A8E2C-BA9C-427E-BAFD-A5C9A096F8F2}.AppStore|iPhone.Build.0 = Release|Any CPU
		{6E9A8E2C-BA9C-427E-BAFD-A5C9A096F8F2}.AppStore|iPhoneSimulator.ActiveCfg = Release|Any CPU
		{6E9A8E2C-BA9C-427E-BAFD-A5C9A096F8F2}.AppStore|iPhoneSimulator.Build.0 = Release|Any CPU
		{6E9A8E2C-BA9C-427E-BAFD-A5C9A096F8F2}.Debug|Any CPU.ActiveCfg = Debug|Any CPU
		{6E9A8E2C-BA9C-427E-BAFD-A5C9A096F8F2}.Debug|Any CPU.Build.0 = Debug|Any CPU
		{6E9A8E2C-BA9C-427E-BAFD-A5C9A096F8F2}.Debug|iPhone.ActiveCfg = Debug|Any CPU
		{6E9A8E2C-BA9C-427E-BAFD-A5C9A096F8F2}.Debug|iPhone.Build.0 = Debug|Any CPU
		{6E9A8E2C-BA9C-427E-BAFD-A5C9A096F8F2}.Debug|iPhoneSimulator.ActiveCfg = Debug|Any CPU
		{6E9A8E2C-BA9C-427E-BAFD-A5C9A096F8F2}.Debug|iPhoneSimulator.Build.0 = Debug|Any CPU
		{6E9A8E2C-BA9C-427E-BAFD-A5C9A096F8F2}.Development|Any CPU.ActiveCfg = Debug|Any CPU
		{6E9A8E2C-BA9C-427E-BAFD-A5C9A096F8F2}.Development|Any CPU.Build.0 = Debug|Any CPU
		{6E9A8E2C-BA9C-427E-BAFD-A5C9A096F8F2}.Development|iPhone.ActiveCfg = Debug|Any CPU
		{6E9A8E2C-BA9C-427E-BAFD-A5C9A096F8F2}.Development|iPhone.Build.0 = Debug|Any CPU
		{6E9A8E2C-BA9C-427E-BAFD-A5C9A096F8F2}.Development|iPhoneSimulator.ActiveCfg = Debug|Any CPU
		{6E9A8E2C-BA9C-427E-BAFD-A5C9A096F8F2}.Development|iPhoneSimulator.Build.0 = Debug|Any CPU
		{6E9A8E2C-BA9C-427E-BAFD-A5C9A096F8F2}.Release|Any CPU.ActiveCfg = Release|Any CPU
		{6E9A8E2C-BA9C-427E-BAFD-A5C9A096F8F2}.Release|Any CPU.Build.0 = Release|Any CPU
		{6E9A8E2C-BA9C-427E-BAFD-A5C9A096F8F2}.Release|iPhone.ActiveCfg = Release|Any CPU
		{6E9A8E2C-BA9C-427E-BAFD-A5C9A096F8F2}.Release|iPhone.Build.0 = Release|Any CPU
		{6E9A8E2C-BA9C-427E-BAFD-A5C9A096F8F2}.Release|iPhoneSimulator.ActiveCfg = Release|Any CPU
		{6E9A8E2C-BA9C-427E-BAFD-A5C9A096F8F2}.Release|iPhoneSimulator.Build.0 = Release|Any CPU
		{2D91C0DA-8A8C-4FD8-A0FD-FCF7FAC76DE2}.Ad-Hoc|Any CPU.ActiveCfg = Release|Any CPU
		{2D91C0DA-8A8C-4FD8-A0FD-FCF7FAC76DE2}.Ad-Hoc|Any CPU.Build.0 = Release|Any CPU
		{2D91C0DA-8A8C-4FD8-A0FD-FCF7FAC76DE2}.Ad-Hoc|iPhone.ActiveCfg = Release|Any CPU
		{2D91C0DA-8A8C-4FD8-A0FD-FCF7FAC76DE2}.Ad-Hoc|iPhone.Build.0 = Release|Any CPU
		{2D91C0DA-8A8C-4FD8-A0FD-FCF7FAC76DE2}.Ad-Hoc|iPhoneSimulator.ActiveCfg = Release|Any CPU
		{2D91C0DA-8A8C-4FD8-A0FD-FCF7FAC76DE2}.Ad-Hoc|iPhoneSimulator.Build.0 = Release|Any CPU
		{2D91C0DA-8A8C-4FD8-A0FD-FCF7FAC76DE2}.AppStore|Any CPU.ActiveCfg = Release|Any CPU
		{2D91C0DA-8A8C-4FD8-A0FD-FCF7FAC76DE2}.AppStore|Any CPU.Build.0 = Release|Any CPU
		{2D91C0DA-8A8C-4FD8-A0FD-FCF7FAC76DE2}.AppStore|iPhone.ActiveCfg = Release|Any CPU
		{2D91C0DA-8A8C-4FD8-A0FD-FCF7FAC76DE2}.AppStore|iPhone.Build.0 = Release|Any CPU
		{2D91C0DA-8A8C-4FD8-A0FD-FCF7FAC76DE2}.AppStore|iPhoneSimulator.ActiveCfg = Release|Any CPU
		{2D91C0DA-8A8C-4FD8-A0FD-FCF7FAC76DE2}.AppStore|iPhoneSimulator.Build.0 = Release|Any CPU
		{2D91C0DA-8A8C-4FD8-A0FD-FCF7FAC76DE2}.Debug|Any CPU.ActiveCfg = Debug|Any CPU
		{2D91C0DA-8A8C-4FD8-A0FD-FCF7FAC76DE2}.Debug|Any CPU.Build.0 = Debug|Any CPU
		{2D91C0DA-8A8C-4FD8-A0FD-FCF7FAC76DE2}.Debug|iPhone.ActiveCfg = Debug|Any CPU
		{2D91C0DA-8A8C-4FD8-A0FD-FCF7FAC76DE2}.Debug|iPhone.Build.0 = Debug|Any CPU
		{2D91C0DA-8A8C-4FD8-A0FD-FCF7FAC76DE2}.Debug|iPhoneSimulator.ActiveCfg = Debug|Any CPU
		{2D91C0DA-8A8C-4FD8-A0FD-FCF7FAC76DE2}.Debug|iPhoneSimulator.Build.0 = Debug|Any CPU
		{2D91C0DA-8A8C-4FD8-A0FD-FCF7FAC76DE2}.Development|Any CPU.ActiveCfg = Debug|Any CPU
		{2D91C0DA-8A8C-4FD8-A0FD-FCF7FAC76DE2}.Development|Any CPU.Build.0 = Debug|Any CPU
		{2D91C0DA-8A8C-4FD8-A0FD-FCF7FAC76DE2}.Development|iPhone.ActiveCfg = Debug|Any CPU
		{2D91C0DA-8A8C-4FD8-A0FD-FCF7FAC76DE2}.Development|iPhone.Build.0 = Debug|Any CPU
		{2D91C0DA-8A8C-4FD8-A0FD-FCF7FAC76DE2}.Development|iPhoneSimulator.ActiveCfg = Debug|Any CPU
		{2D91C0DA-8A8C-4FD8-A0FD-FCF7FAC76DE2}.Development|iPhoneSimulator.Build.0 = Debug|Any CPU
		{2D91C0DA-8A8C-4FD8-A0FD-FCF7FAC76DE2}.Release|Any CPU.ActiveCfg = Release|Any CPU
		{2D91C0DA-8A8C-4FD8-A0FD-FCF7FAC76DE2}.Release|Any CPU.Build.0 = Release|Any CPU
		{2D91C0DA-8A8C-4FD8-A0FD-FCF7FAC76DE2}.Release|iPhone.ActiveCfg = Release|Any CPU
		{2D91C0DA-8A8C-4FD8-A0FD-FCF7FAC76DE2}.Release|iPhone.Build.0 = Release|Any CPU
		{2D91C0DA-8A8C-4FD8-A0FD-FCF7FAC76DE2}.Release|iPhoneSimulator.ActiveCfg = Release|Any CPU
		{2D91C0DA-8A8C-4FD8-A0FD-FCF7FAC76DE2}.Release|iPhoneSimulator.Build.0 = Release|Any CPU
	EndGlobalSection
	GlobalSection(SolutionProperties) = preSolution
		HideSolutionNode = FALSE
	EndGlobalSection
	GlobalSection(ExtensibilityGlobals) = postSolution
		SolutionGuid = {7028F09A-E4E7-426B-8334-9C52255F4E43}
	EndGlobalSection
	GlobalSection(TeamFoundationVersionControl) = preSolution
		SccNumberOfProjects = 8
		SccEnterpriseProvider = {4CA58AB2-18FA-4F8D-95D4-32DDF27D184C}
		SccTeamFoundationServer = https://brestfloda.visualstudio.com/
		SccLocalPath0 = .
		SccProjectUniqueName1 = TourneyKeeper.App\\TourneyKeeper.App.csproj
		SccProjectName1 = TourneyKeeper.App
		SccLocalPath1 = TourneyKeeper.App
		SccProjectUniqueName2 = TourneyKeeper.DTO\\TourneyKeeper.DTO.csproj
		SccProjectName2 = TourneyKeeper.DTO
		SccLocalPath2 = TourneyKeeper.DTO
		SccProjectUniqueName3 = TourneyKeeper.Android\\TourneyKeeper.Android.csproj
		SccProjectName3 = TourneyKeeper.Android
		SccLocalPath3 = TourneyKeeper.Android
		SccProjectUniqueName4 = TourneyKeeper.Common\\TourneyKeeper.Common.csproj
		SccProjectName4 = TourneyKeeper.Common
		SccLocalPath4 = TourneyKeeper.Common
		SccProjectUniqueName5 = TourneyKeeper.iOS\\TourneyKeeper.iOS.csproj
		SccProjectName5 = TourneyKeeper.iOS
		SccLocalPath5 = TourneyKeeper.iOS
		SccProjectUniqueName6 = TourneyKeeper.Test\\TourneyKeeper.Test.csproj
		SccProjectName6 = TourneyKeeper.Test
		SccLocalPath6 = TourneyKeeper.Test
		SccProjectUniqueName7 = TourneyKeeper.Web\\TourneyKeeper.Web.csproj
		SccProjectName7 = TourneyKeeper.Web
		SccLocalPath7 = TourneyKeeper.Web
	EndGlobalSection
EndGlobal
